
Microsoft Visual Studio Solution File, Format Version 12.00
# Visual Studio Version 16
VisualStudioVersion = 16.0.32630.194
MinimumVisualStudioVersion = 10.0.40219.1
Project("{FAE04EC0-301F-11D3-BF4B-00C04F79EFBC}") = "WindowsFormsApp1", "WindowsFormsApp1\WindowsFormsApp1.csproj", "{D44F35D9-7185-4F0E-A049-A235544188D9}"
EndProject
Project("{FAE04EC0-301F-11D3-BF4B-00C04F79EFBC}") = "ToolsConvertBibe", "ToolsConvertBibe\ToolsConvertBibe.csproj", "{314878B8-8C11-490E-B852-3F5C9321C36F}"
EndProject
Project("{FAE04EC0-301F-11D3-BF4B-00C04F79EFBC}") = "apiVietSo", "apiVietSo\apiVietSo\apiVietSo.csproj", "{D6332B87-0DF0-43F1-93CE-26D25781E4C7}"
EndProject
Project("{FAE04EC0-301F-11D3-BF4B-00C04F79EFBC}") = "AppVietSo", "AppVietSo\AppVietSo.csproj", "{6346930C-053D-4A3A-B1D6-B9C6C41EFDD5}"
EndProject
Project("{FAE04EC0-301F-11D3-BF4B-00C04F79EFBC}") = "InstallFonts", "InstallFonts\InstallFonts.csproj", "{9A04DA75-D178-4211-A1E4-60F06E6E7BEE}"
EndProject
Project("{FAE04EC0-301F-11D3-BF4B-00C04F79EFBC}") = "Updated", "Updated\Updated.csproj", "{E6F8EC2F-A2A5-4811-93B8-3315DA453680}"
EndProject
Project("{FAE04EC0-301F-11D3-BF4B-00C04F79EFBC}") = "ReoGrid", "ReoGrid\ReoGrid.csproj", "{8B62357A-ABBC-4DB0-8633-F1D6A6C1EA53}"
EndProject
Global
	GlobalSection(SolutionConfigurationPlatforms) = preSolution
		Debug|Any CPU = Debug|Any CPU
		Debug|x86 = Debug|x86
		DebugAndroid|Any CPU = DebugAndroid|Any CPU
		DebugAndroid|x86 = DebugAndroid|x86
		DebugiOS|Any CPU = DebugiOS|Any CPU
		DebugiOS|x86 = DebugiOS|x86
		Extension|Any CPU = Extension|Any CPU
		Extension|x86 = Extension|x86
		Minimum|Any CPU = Minimum|Any CPU
		Minimum|x86 = Minimum|x86
		Pack|Any CPU = Pack|Any CPU
		Pack|x86 = Pack|x86
		Release|Any CPU = Release|Any CPU
		Release|x86 = Release|x86
		WPFDebug|Any CPU = WPFDebug|Any CPU
		WPFDebug|x86 = WPFDebug|x86
		WPFExtension|Any CPU = WPFExtension|Any CPU
		WPFExtension|x86 = WPFExtension|x86
		WPFMinimum|Any CPU = WPFMinimum|Any CPU
		WPFMinimum|x86 = WPFMinimum|x86
		WPFRelease|Any CPU = WPFRelease|Any CPU
		WPFRelease|x86 = WPFRelease|x86
	EndGlobalSection
	GlobalSection(ProjectConfigurationPlatforms) = postSolution
		{D44F35D9-7185-4F0E-A049-A235544188D9}.Debug|Any CPU.ActiveCfg = Debug|Any CPU
		{D44F35D9-7185-4F0E-A049-A235544188D9}.Debug|Any CPU.Build.0 = Debug|Any CPU
		{D44F35D9-7185-4F0E-A049-A235544188D9}.Debug|x86.ActiveCfg = Debug|Any CPU
		{D44F35D9-7185-4F0E-A049-A235544188D9}.DebugAndroid|Any CPU.ActiveCfg = Debug|Any CPU
		{D44F35D9-7185-4F0E-A049-A235544188D9}.DebugAndroid|x86.ActiveCfg = Debug|Any CPU
		{D44F35D9-7185-4F0E-A049-A235544188D9}.DebugiOS|Any CPU.ActiveCfg = Debug|Any CPU
		{D44F35D9-7185-4F0E-A049-A235544188D9}.DebugiOS|x86.ActiveCfg = Debug|Any CPU
		{D44F35D9-7185-4F0E-A049-A235544188D9}.Extension|Any CPU.ActiveCfg = Release|Any CPU
		{D44F35D9-7185-4F0E-A049-A235544188D9}.Extension|x86.ActiveCfg = Release|Any CPU
		{D44F35D9-7185-4F0E-A049-A235544188D9}.Minimum|Any CPU.ActiveCfg = Release|Any CPU
		{D44F35D9-7185-4F0E-A049-A235544188D9}.Minimum|x86.ActiveCfg = Release|Any CPU
		{D44F35D9-7185-4F0E-A049-A235544188D9}.Pack|Any CPU.ActiveCfg = Release|Any CPU
		{D44F35D9-7185-4F0E-A049-A235544188D9}.Pack|x86.ActiveCfg = Release|Any CPU
		{D44F35D9-7185-4F0E-A049-A235544188D9}.Release|Any CPU.ActiveCfg = Release|Any CPU
		{D44F35D9-7185-4F0E-A049-A235544188D9}.Release|Any CPU.Build.0 = Release|Any CPU
		{D44F35D9-7185-4F0E-A049-A235544188D9}.Release|x86.ActiveCfg = Release|Any CPU
		{D44F35D9-7185-4F0E-A049-A235544188D9}.WPFDebug|Any CPU.ActiveCfg = Debug|Any CPU
		{D44F35D9-7185-4F0E-A049-A235544188D9}.WPFDebug|x86.ActiveCfg = Debug|Any CPU
		{D44F35D9-7185-4F0E-A049-A235544188D9}.WPFExtension|Any CPU.ActiveCfg = Release|Any CPU
		{D44F35D9-7185-4F0E-A049-A235544188D9}.WPFExtension|x86.ActiveCfg = Release|Any CPU
		{D44F35D9-7185-4F0E-A049-A235544188D9}.WPFMinimum|Any CPU.ActiveCfg = Release|Any CPU
		{D44F35D9-7185-4F0E-A049-A235544188D9}.WPFMinimum|x86.ActiveCfg = Release|Any CPU
		{D44F35D9-7185-4F0E-A049-A235544188D9}.WPFRelease|Any CPU.ActiveCfg = Release|Any CPU
		{D44F35D9-7185-4F0E-A049-A235544188D9}.WPFRelease|x86.ActiveCfg = Release|Any CPU
		{314878B8-8C11-490E-B852-3F5C9321C36F}.Debug|Any CPU.ActiveCfg = Debug|Any CPU
		{314878B8-8C11-490E-B852-3F5C9321C36F}.Debug|Any CPU.Build.0 = Debug|Any CPU
		{314878B8-8C11-490E-B852-3F5C9321C36F}.Debug|x86.ActiveCfg = Debug|x86
		{314878B8-8C11-490E-B852-3F5C9321C36F}.Debug|x86.Build.0 = Debug|x86
		{314878B8-8C11-490E-B852-3F5C9321C36F}.DebugAndroid|Any CPU.ActiveCfg = Debug|Any CPU
		{314878B8-8C11-490E-B852-3F5C9321C36F}.DebugAndroid|Any CPU.Build.0 = Debug|Any CPU
		{314878B8-8C11-490E-B852-3F5C9321C36F}.DebugAndroid|x86.ActiveCfg = Debug|x86
		{314878B8-8C11-490E-B852-3F5C9321C36F}.DebugAndroid|x86.Build.0 = Debug|x86
		{314878B8-8C11-490E-B852-3F5C9321C36F}.DebugiOS|Any CPU.ActiveCfg = Debug|Any CPU
		{314878B8-8C11-490E-B852-3F5C9321C36F}.DebugiOS|Any CPU.Build.0 = Debug|Any CPU
		{314878B8-8C11-490E-B852-3F5C9321C36F}.DebugiOS|x86.ActiveCfg = Debug|x86
		{314878B8-8C11-490E-B852-3F5C9321C36F}.DebugiOS|x86.Build.0 = Debug|x86
		{314878B8-8C11-490E-B852-3F5C9321C36F}.Extension|Any CPU.ActiveCfg = Release|Any CPU
		{314878B8-8C11-490E-B852-3F5C9321C36F}.Extension|Any CPU.Build.0 = Release|Any CPU
		{314878B8-8C11-490E-B852-3F5C9321C36F}.Extension|x86.ActiveCfg = Release|x86
		{314878B8-8C11-490E-B852-3F5C9321C36F}.Extension|x86.Build.0 = Release|x86
		{314878B8-8C11-490E-B852-3F5C9321C36F}.Minimum|Any CPU.ActiveCfg = Release|Any CPU
		{314878B8-8C11-490E-B852-3F5C9321C36F}.Minimum|Any CPU.Build.0 = Release|Any CPU
		{314878B8-8C11-490E-B852-3F5C9321C36F}.Minimum|x86.ActiveCfg = Release|x86
		{314878B8-8C11-490E-B852-3F5C9321C36F}.Minimum|x86.Build.0 = Release|x86
		{314878B8-8C11-490E-B852-3F5C9321C36F}.Pack|Any CPU.ActiveCfg = Release|Any CPU
		{314878B8-8C11-490E-B852-3F5C9321C36F}.Pack|Any CPU.Build.0 = Release|Any CPU
		{314878B8-8C11-490E-B852-3F5C9321C36F}.Pack|x86.ActiveCfg = Release|x86
		{314878B8-8C11-490E-B852-3F5C9321C36F}.Pack|x86.Build.0 = Release|x86
		{314878B8-8C11-490E-B852-3F5C9321C36F}.Release|Any CPU.ActiveCfg = Release|Any CPU
		{314878B8-8C11-490E-B852-3F5C9321C36F}.Release|Any CPU.Build.0 = Release|Any CPU
		{314878B8-8C11-490E-B852-3F5C9321C36F}.Release|x86.ActiveCfg = Release|x86
		{314878B8-8C11-490E-B852-3F5C9321C36F}.Release|x86.Build.0 = Release|x86
		{314878B8-8C11-490E-B852-3F5C9321C36F}.WPFDebug|Any CPU.ActiveCfg = Debug|Any CPU
		{314878B8-8C11-490E-B852-3F5C9321C36F}.WPFDebug|Any CPU.Build.0 = Debug|Any CPU
		{314878B8-8C11-490E-B852-3F5C9321C36F}.WPFDebug|x86.ActiveCfg = Debug|x86
		{314878B8-8C11-490E-B852-3F5C9321C36F}.WPFDebug|x86.Build.0 = Debug|x86
		{314878B8-8C11-490E-B852-3F5C9321C36F}.WPFExtension|Any CPU.ActiveCfg = Release|Any CPU
		{314878B8-8C11-490E-B852-3F5C9321C36F}.WPFExtension|Any CPU.Build.0 = Release|Any CPU
		{314878B8-8C11-490E-B852-3F5C9321C36F}.WPFExtension|x86.ActiveCfg = Release|x86
		{314878B8-8C11-490E-B852-3F5C9321C36F}.WPFExtension|x86.Build.0 = Release|x86
		{314878B8-8C11-490E-B852-3F5C9321C36F}.WPFMinimum|Any CPU.ActiveCfg = Release|Any CPU
		{314878B8-8C11-490E-B852-3F5C9321C36F}.WPFMinimum|Any CPU.Build.0 = Release|Any CPU
		{314878B8-8C11-490E-B852-3F5C9321C36F}.WPFMinimum|x86.ActiveCfg = Release|x86
		{314878B8-8C11-490E-B852-3F5C9321C36F}.WPFMinimum|x86.Build.0 = Release|x86
		{314878B8-8C11-490E-B852-3F5C9321C36F}.WPFRelease|Any CPU.ActiveCfg = Release|Any CPU
		{314878B8-8C11-490E-B852-3F5C9321C36F}.WPFRelease|Any CPU.Build.0 = Release|Any CPU
		{314878B8-8C11-490E-B852-3F5C9321C36F}.WPFRelease|x86.ActiveCfg = Release|x86
		{314878B8-8C11-490E-B852-3F5C9321C36F}.WPFRelease|x86.Build.0 = Release|x86
		{D6332B87-0DF0-43F1-93CE-26D25781E4C7}.Debug|Any CPU.ActiveCfg = Debug|Any CPU
		{D6332B87-0DF0-43F1-93CE-26D25781E4C7}.Debug|Any CPU.Build.0 = Debug|Any CPU
		{D6332B87-0DF0-43F1-93CE-26D25781E4C7}.Debug|x86.ActiveCfg = Debug|x86
		{D6332B87-0DF0-43F1-93CE-26D25781E4C7}.Debug|x86.Build.0 = Debug|x86
		{D6332B87-0DF0-43F1-93CE-26D25781E4C7}.DebugAndroid|Any CPU.ActiveCfg = Debug|Any CPU
		{D6332B87-0DF0-43F1-93CE-26D25781E4C7}.DebugAndroid|Any CPU.Build.0 = Debug|Any CPU
		{D6332B87-0DF0-43F1-93CE-26D25781E4C7}.DebugAndroid|x86.ActiveCfg = Debug|x86
		{D6332B87-0DF0-43F1-93CE-26D25781E4C7}.DebugAndroid|x86.Build.0 = Debug|x86
		{D6332B87-0DF0-43F1-93CE-26D25781E4C7}.DebugiOS|Any CPU.ActiveCfg = Debug|Any CPU
		{D6332B87-0DF0-43F1-93CE-26D25781E4C7}.DebugiOS|Any CPU.Build.0 = Debug|Any CPU
		{D6332B87-0DF0-43F1-93CE-26D25781E4C7}.DebugiOS|x86.ActiveCfg = Debug|x86
		{D6332B87-0DF0-43F1-93CE-26D25781E4C7}.DebugiOS|x86.Build.0 = Debug|x86
		{D6332B87-0DF0-43F1-93CE-26D25781E4C7}.Extension|Any CPU.ActiveCfg = Release|Any CPU
		{D6332B87-0DF0-43F1-93CE-26D25781E4C7}.Extension|Any CPU.Build.0 = Release|Any CPU
		{D6332B87-0DF0-43F1-93CE-26D25781E4C7}.Extension|x86.ActiveCfg = Release|x86
		{D6332B87-0DF0-43F1-93CE-26D25781E4C7}.Extension|x86.Build.0 = Release|x86
		{D6332B87-0DF0-43F1-93CE-26D25781E4C7}.Minimum|Any CPU.ActiveCfg = Release|Any CPU
		{D6332B87-0DF0-43F1-93CE-26D25781E4C7}.Minimum|Any CPU.Build.0 = Release|Any CPU
		{D6332B87-0DF0-43F1-93CE-26D25781E4C7}.Minimum|x86.ActiveCfg = Release|x86
		{D6332B87-0DF0-43F1-93CE-26D25781E4C7}.Minimum|x86.Build.0 = Release|x86
		{D6332B87-0DF0-43F1-93CE-26D25781E4C7}.Pack|Any CPU.ActiveCfg = Release|Any CPU
		{D6332B87-0DF0-43F1-93CE-26D25781E4C7}.Pack|Any CPU.Build.0 = Release|Any CPU
		{D6332B87-0DF0-43F1-93CE-26D25781E4C7}.Pack|x86.ActiveCfg = Release|x86
		{D6332B87-0DF0-43F1-93CE-26D25781E4C7}.Pack|x86.Build.0 = Release|x86
		{D6332B87-0DF0-43F1-93CE-26D25781E4C7}.Release|Any CPU.ActiveCfg = Release|Any CPU
		{D6332B87-0DF0-43F1-93CE-26D25781E4C7}.Release|Any CPU.Build.0 = Release|Any CPU
		{D6332B87-0DF0-43F1-93CE-26D25781E4C7}.Release|x86.ActiveCfg = Release|x86
		{D6332B87-0DF0-43F1-93CE-26D25781E4C7}.Release|x86.Build.0 = Release|x86
		{D6332B87-0DF0-43F1-93CE-26D25781E4C7}.WPFDebug|Any CPU.ActiveCfg = Debug|Any CPU
		{D6332B87-0DF0-43F1-93CE-26D25781E4C7}.WPFDebug|Any CPU.Build.0 = Debug|Any CPU
		{D6332B87-0DF0-43F1-93CE-26D25781E4C7}.WPFDebug|x86.ActiveCfg = Debug|x86
		{D6332B87-0DF0-43F1-93CE-26D25781E4C7}.WPFDebug|x86.Build.0 = Debug|x86
		{D6332B87-0DF0-43F1-93CE-26D25781E4C7}.WPFExtension|Any CPU.ActiveCfg = Release|Any CPU
		{D6332B87-0DF0-43F1-93CE-26D25781E4C7}.WPFExtension|Any CPU.Build.0 = Release|Any CPU
		{D6332B87-0DF0-43F1-93CE-26D25781E4C7}.WPFExtension|x86.ActiveCfg = Release|x86
		{D6332B87-0DF0-43F1-93CE-26D25781E4C7}.WPFExtension|x86.Build.0 = Release|x86
		{D6332B87-0DF0-43F1-93CE-26D25781E4C7}.WPFMinimum|Any CPU.ActiveCfg = Release|Any CPU
		{D6332B87-0DF0-43F1-93CE-26D25781E4C7}.WPFMinimum|Any CPU.Build.0 = Release|Any CPU
		{D6332B87-0DF0-43F1-93CE-26D25781E4C7}.WPFMinimum|x86.ActiveCfg = Release|x86
		{D6332B87-0DF0-43F1-93CE-26D25781E4C7}.WPFMinimum|x86.Build.0 = Release|x86
		{D6332B87-0DF0-43F1-93CE-26D25781E4C7}.WPFRelease|Any CPU.ActiveCfg = Release|Any CPU
		{D6332B87-0DF0-43F1-93CE-26D25781E4C7}.WPFRelease|Any CPU.Build.0 = Release|Any CPU
		{D6332B87-0DF0-43F1-93CE-26D25781E4C7}.WPFRelease|x86.ActiveCfg = Release|x86
		{D6332B87-0DF0-43F1-93CE-26D25781E4C7}.WPFRelease|x86.Build.0 = Release|x86
		{6346930C-053D-4A3A-B1D6-B9C6C41EFDD5}.Debug|Any CPU.ActiveCfg = Debug|Any CPU
		{6346930C-053D-4A3A-B1D6-B9C6C41EFDD5}.Debug|Any CPU.Build.0 = Debug|Any CPU
		{6346930C-053D-4A3A-B1D6-B9C6C41EFDD5}.Debug|x86.ActiveCfg = Debug|x86
		{6346930C-053D-4A3A-B1D6-B9C6C41EFDD5}.Debug|x86.Build.0 = Debug|x86
		{6346930C-053D-4A3A-B1D6-B9C6C41EFDD5}.DebugAndroid|Any CPU.ActiveCfg = Debug|Any CPU
		{6346930C-053D-4A3A-B1D6-B9C6C41EFDD5}.DebugAndroid|Any CPU.Build.0 = Debug|Any CPU
		{6346930C-053D-4A3A-B1D6-B9C6C41EFDD5}.DebugAndroid|x86.ActiveCfg = Debug|x86
		{6346930C-053D-4A3A-B1D6-B9C6C41EFDD5}.DebugAndroid|x86.Build.0 = Debug|x86
		{6346930C-053D-4A3A-B1D6-B9C6C41EFDD5}.DebugiOS|Any CPU.ActiveCfg = Debug|Any CPU
		{6346930C-053D-4A3A-B1D6-B9C6C41EFDD5}.DebugiOS|Any CPU.Build.0 = Debug|Any CPU
		{6346930C-053D-4A3A-B1D6-B9C6C41EFDD5}.DebugiOS|x86.ActiveCfg = Debug|x86
		{6346930C-053D-4A3A-B1D6-B9C6C41EFDD5}.DebugiOS|x86.Build.0 = Debug|x86
		{6346930C-053D-4A3A-B1D6-B9C6C41EFDD5}.Extension|Any CPU.ActiveCfg = Release|Any CPU
		{6346930C-053D-4A3A-B1D6-B9C6C41EFDD5}.Extension|Any CPU.Build.0 = Release|Any CPU
		{6346930C-053D-4A3A-B1D6-B9C6C41EFDD5}.Extension|x86.ActiveCfg = Release|x86
		{6346930C-053D-4A3A-B1D6-B9C6C41EFDD5}.Extension|x86.Build.0 = Release|x86
		{6346930C-053D-4A3A-B1D6-B9C6C41EFDD5}.Minimum|Any CPU.ActiveCfg = Release|Any CPU
		{6346930C-053D-4A3A-B1D6-B9C6C41EFDD5}.Minimum|Any CPU.Build.0 = Release|Any CPU
		{6346930C-053D-4A3A-B1D6-B9C6C41EFDD5}.Minimum|x86.ActiveCfg = Release|x86
		{6346930C-053D-4A3A-B1D6-B9C6C41EFDD5}.Minimum|x86.Build.0 = Release|x86
		{6346930C-053D-4A3A-B1D6-B9C6C41EFDD5}.Pack|Any CPU.ActiveCfg = Release|Any CPU
		{6346930C-053D-4A3A-B1D6-B9C6C41EFDD5}.Pack|Any CPU.Build.0 = Release|Any CPU
		{6346930C-053D-4A3A-B1D6-B9C6C41EFDD5}.Pack|x86.ActiveCfg = Release|x86
		{6346930C-053D-4A3A-B1D6-B9C6C41EFDD5}.Pack|x86.Build.0 = Release|x86
		{6346930C-053D-4A3A-B1D6-B9C6C41EFDD5}.Release|Any CPU.ActiveCfg = Release|Any CPU
		{6346930C-053D-4A3A-B1D6-B9C6C41EFDD5}.Release|Any CPU.Build.0 = Release|Any CPU
		{6346930C-053D-4A3A-B1D6-B9C6C41EFDD5}.Release|x86.ActiveCfg = Release|x86
		{6346930C-053D-4A3A-B1D6-B9C6C41EFDD5}.Release|x86.Build.0 = Release|x86
		{6346930C-053D-4A3A-B1D6-B9C6C41EFDD5}.WPFDebug|Any CPU.ActiveCfg = Debug|Any CPU
		{6346930C-053D-4A3A-B1D6-B9C6C41EFDD5}.WPFDebug|Any CPU.Build.0 = Debug|Any CPU
		{6346930C-053D-4A3A-B1D6-B9C6C41EFDD5}.WPFDebug|x86.ActiveCfg = Debug|x86
		{6346930C-053D-4A3A-B1D6-B9C6C41EFDD5}.WPFDebug|x86.Build.0 = Debug|x86
		{6346930C-053D-4A3A-B1D6-B9C6C41EFDD5}.WPFExtension|Any CPU.ActiveCfg = Release|Any CPU
		{6346930C-053D-4A3A-B1D6-B9C6C41EFDD5}.WPFExtension|Any CPU.Build.0 = Release|Any CPU
		{6346930C-053D-4A3A-B1D6-B9C6C41EFDD5}.WPFExtension|x86.ActiveCfg = Release|x86
		{6346930C-053D-4A3A-B1D6-B9C6C41EFDD5}.WPFExtension|x86.Build.0 = Release|x86
		{6346930C-053D-4A3A-B1D6-B9C6C41EFDD5}.WPFMinimum|Any CPU.ActiveCfg = Release|Any CPU
		{6346930C-053D-4A3A-B1D6-B9C6C41EFDD5}.WPFMinimum|Any CPU.Build.0 = Release|Any CPU
		{6346930C-053D-4A3A-B1D6-B9C6C41EFDD5}.WPFMinimum|x86.ActiveCfg = Release|x86
		{6346930C-053D-4A3A-B1D6-B9C6C41EFDD5}.WPFMinimum|x86.Build.0 = Release|x86
		{6346930C-053D-4A3A-B1D6-B9C6C41EFDD5}.WPFRelease|Any CPU.ActiveCfg = Release|Any CPU
		{6346930C-053D-4A3A-B1D6-B9C6C41EFDD5}.WPFRelease|Any CPU.Build.0 = Release|Any CPU
		{6346930C-053D-4A3A-B1D6-B9C6C41EFDD5}.WPFRelease|x86.ActiveCfg = Release|x86
		{6346930C-053D-4A3A-B1D6-B9C6C41EFDD5}.WPFRelease|x86.Build.0 = Release|x86
		{9A04DA75-D178-4211-A1E4-60F06E6E7BEE}.Debug|Any CPU.ActiveCfg = Debug|Any CPU
		{9A04DA75-D178-4211-A1E4-60F06E6E7BEE}.Debug|Any CPU.Build.0 = Debug|Any CPU
		{9A04DA75-D178-4211-A1E4-60F06E6E7BEE}.Debug|x86.ActiveCfg = Debug|x86
		{9A04DA75-D178-4211-A1E4-60F06E6E7BEE}.Debug|x86.Build.0 = Debug|x86
		{9A04DA75-D178-4211-A1E4-60F06E6E7BEE}.DebugAndroid|Any CPU.ActiveCfg = Debug|Any CPU
		{9A04DA75-D178-4211-A1E4-60F06E6E7BEE}.DebugAndroid|Any CPU.Build.0 = Debug|Any CPU
		{9A04DA75-D178-4211-A1E4-60F06E6E7BEE}.DebugAndroid|x86.ActiveCfg = Debug|x86
		{9A04DA75-D178-4211-A1E4-60F06E6E7BEE}.DebugAndroid|x86.Build.0 = Debug|x86
		{9A04DA75-D178-4211-A1E4-60F06E6E7BEE}.DebugiOS|Any CPU.ActiveCfg = Debug|Any CPU
		{9A04DA75-D178-4211-A1E4-60F06E6E7BEE}.DebugiOS|Any CPU.Build.0 = Debug|Any CPU
		{9A04DA75-D178-4211-A1E4-60F06E6E7BEE}.DebugiOS|x86.ActiveCfg = Debug|x86
		{9A04DA75-D178-4211-A1E4-60F06E6E7BEE}.DebugiOS|x86.Build.0 = Debug|x86
		{9A04DA75-D178-4211-A1E4-60F06E6E7BEE}.Extension|Any CPU.ActiveCfg = Release|Any CPU
		{9A04DA75-D178-4211-A1E4-60F06E6E7BEE}.Extension|Any CPU.Build.0 = Release|Any CPU
		{9A04DA75-D178-4211-A1E4-60F06E6E7BEE}.Extension|x86.ActiveCfg = Release|x86
		{9A04DA75-D178-4211-A1E4-60F06E6E7BEE}.Extension|x86.Build.0 = Release|x86
		{9A04DA75-D178-4211-A1E4-60F06E6E7BEE}.Minimum|Any CPU.ActiveCfg = Release|Any CPU
		{9A04DA75-D178-4211-A1E4-60F06E6E7BEE}.Minimum|Any CPU.Build.0 = Release|Any CPU
		{9A04DA75-D178-4211-A1E4-60F06E6E7BEE}.Minimum|x86.ActiveCfg = Release|x86
		{9A04DA75-D178-4211-A1E4-60F06E6E7BEE}.Minimum|x86.Build.0 = Release|x86
		{9A04DA75-D178-4211-A1E4-60F06E6E7BEE}.Pack|Any CPU.ActiveCfg = Release|Any CPU
		{9A04DA75-D178-4211-A1E4-60F06E6E7BEE}.Pack|Any CPU.Build.0 = Release|Any CPU
		{9A04DA75-D178-4211-A1E4-60F06E6E7BEE}.Pack|x86.ActiveCfg = Release|x86
		{9A04DA75-D178-4211-A1E4-60F06E6E7BEE}.Pack|x86.Build.0 = Release|x86
		{9A04DA75-D178-4211-A1E4-60F06E6E7BEE}.Release|Any CPU.ActiveCfg = Release|Any CPU
		{9A04DA75-D178-4211-A1E4-60F06E6E7BEE}.Release|Any CPU.Build.0 = Release|Any CPU
		{9A04DA75-D178-4211-A1E4-60F06E6E7BEE}.Release|x86.ActiveCfg = Release|x86
		{9A04DA75-D178-4211-A1E4-60F06E6E7BEE}.Release|x86.Build.0 = Release|x86
		{9A04DA75-D178-4211-A1E4-60F06E6E7BEE}.WPFDebug|Any CPU.ActiveCfg = Debug|Any CPU
		{9A04DA75-D178-4211-A1E4-60F06E6E7BEE}.WPFDebug|Any CPU.Build.0 = Debug|Any CPU
		{9A04DA75-D178-4211-A1E4-60F06E6E7BEE}.WPFDebug|x86.ActiveCfg = Debug|x86
		{9A04DA75-D178-4211-A1E4-60F06E6E7BEE}.WPFDebug|x86.Build.0 = Debug|x86
		{9A04DA75-D178-4211-A1E4-60F06E6E7BEE}.WPFExtension|Any CPU.ActiveCfg = Release|Any CPU
		{9A04DA75-D178-4211-A1E4-60F06E6E7BEE}.WPFExtension|Any CPU.Build.0 = Release|Any CPU
		{9A04DA75-D178-4211-A1E4-60F06E6E7BEE}.WPFExtension|x86.ActiveCfg = Release|x86
		{9A04DA75-D178-4211-A1E4-60F06E6E7BEE}.WPFExtension|x86.Build.0 = Release|x86
		{9A04DA75-D178-4211-A1E4-60F06E6E7BEE}.WPFMinimum|Any CPU.ActiveCfg = Release|Any CPU
		{9A04DA75-D178-4211-A1E4-60F06E6E7BEE}.WPFMinimum|Any CPU.Build.0 = Release|Any CPU
		{9A04DA75-D178-4211-A1E4-60F06E6E7BEE}.WPFMinimum|x86.ActiveCfg = Release|x86
		{9A04DA75-D178-4211-A1E4-60F06E6E7BEE}.WPFMinimum|x86.Build.0 = Release|x86
		{9A04DA75-D178-4211-A1E4-60F06E6E7BEE}.WPFRelease|Any CPU.ActiveCfg = Release|Any CPU
		{9A04DA75-D178-4211-A1E4-60F06E6E7BEE}.WPFRelease|Any CPU.Build.0 = Release|Any CPU
		{9A04DA75-D178-4211-A1E4-60F06E6E7BEE}.WPFRelease|x86.ActiveCfg = Release|x86
		{9A04DA75-D178-4211-A1E4-60F06E6E7BEE}.WPFRelease|x86.Build.0 = Release|x86
		{E6F8EC2F-A2A5-4811-93B8-3315DA453680}.Debug|Any CPU.ActiveCfg = Debug|Any CPU
		{E6F8EC2F-A2A5-4811-93B8-3315DA453680}.Debug|Any CPU.Build.0 = Debug|Any CPU
		{E6F8EC2F-A2A5-4811-93B8-3315DA453680}.Debug|x86.ActiveCfg = Debug|x86
		{E6F8EC2F-A2A5-4811-93B8-3315DA453680}.Debug|x86.Build.0 = Debug|x86
		{E6F8EC2F-A2A5-4811-93B8-3315DA453680}.DebugAndroid|Any CPU.ActiveCfg = Debug|Any CPU
		{E6F8EC2F-A2A5-4811-93B8-3315DA453680}.DebugAndroid|Any CPU.Build.0 = Debug|Any CPU
		{E6F8EC2F-A2A5-4811-93B8-3315DA453680}.DebugAndroid|x86.ActiveCfg = Debug|x86
		{E6F8EC2F-A2A5-4811-93B8-3315DA453680}.DebugAndroid|x86.Build.0 = Debug|x86
		{E6F8EC2F-A2A5-4811-93B8-3315DA453680}.DebugiOS|Any CPU.ActiveCfg = Debug|Any CPU
		{E6F8EC2F-A2A5-4811-93B8-3315DA453680}.DebugiOS|Any CPU.Build.0 = Debug|Any CPU
		{E6F8EC2F-A2A5-4811-93B8-3315DA453680}.DebugiOS|x86.ActiveCfg = Debug|x86
		{E6F8EC2F-A2A5-4811-93B8-3315DA453680}.DebugiOS|x86.Build.0 = Debug|x86
		{E6F8EC2F-A2A5-4811-93B8-3315DA453680}.Extension|Any CPU.ActiveCfg = Release|Any CPU
		{E6F8EC2F-A2A5-4811-93B8-3315DA453680}.Extension|Any CPU.Build.0 = Release|Any CPU
		{E6F8EC2F-A2A5-4811-93B8-3315DA453680}.Extension|x86.ActiveCfg = Release|x86
		{E6F8EC2F-A2A5-4811-93B8-3315DA453680}.Extension|x86.Build.0 = Release|x86
		{E6F8EC2F-A2A5-4811-93B8-3315DA453680}.Minimum|Any CPU.ActiveCfg = Release|Any CPU
		{E6F8EC2F-A2A5-4811-93B8-3315DA453680}.Minimum|Any CPU.Build.0 = Release|Any CPU
		{E6F8EC2F-A2A5-4811-93B8-3315DA453680}.Minimum|x86.ActiveCfg = Release|x86
		{E6F8EC2F-A2A5-4811-93B8-3315DA453680}.Minimum|x86.Build.0 = Release|x86
		{E6F8EC2F-A2A5-4811-93B8-3315DA453680}.Pack|Any CPU.ActiveCfg = Release|Any CPU
		{E6F8EC2F-A2A5-4811-93B8-3315DA453680}.Pack|Any CPU.Build.0 = Release|Any CPU
		{E6F8EC2F-A2A5-4811-93B8-3315DA453680}.Pack|x86.ActiveCfg = Release|x86
		{E6F8EC2F-A2A5-4811-93B8-3315DA453680}.Pack|x86.Build.0 = Release|x86
		{E6F8EC2F-A2A5-4811-93B8-3315DA453680}.Release|Any CPU.ActiveCfg = Release|Any CPU
		{E6F8EC2F-A2A5-4811-93B8-3315DA453680}.Release|Any CPU.Build.0 = Release|Any CPU
		{E6F8EC2F-A2A5-4811-93B8-3315DA453680}.Release|x86.ActiveCfg = Release|x86
		{E6F8EC2F-A2A5-4811-93B8-3315DA453680}.Release|x86.Build.0 = Release|x86
		{E6F8EC2F-A2A5-4811-93B8-3315DA453680}.WPFDebug|Any CPU.ActiveCfg = Debug|Any CPU
		{E6F8EC2F-A2A5-4811-93B8-3315DA453680}.WPFDebug|Any CPU.Build.0 = Debug|Any CPU
		{E6F8EC2F-A2A5-4811-93B8-3315DA453680}.WPFDebug|x86.ActiveCfg = Debug|x86
		{E6F8EC2F-A2A5-4811-93B8-3315DA453680}.WPFDebug|x86.Build.0 = Debug|x86
		{E6F8EC2F-A2A5-4811-93B8-3315DA453680}.WPFExtension|Any CPU.ActiveCfg = Release|Any CPU
		{E6F8EC2F-A2A5-4811-93B8-3315DA453680}.WPFExtension|Any CPU.Build.0 = Release|Any CPU
		{E6F8EC2F-A2A5-4811-93B8-3315DA453680}.WPFExtension|x86.ActiveCfg = Release|x86
		{E6F8EC2F-A2A5-4811-93B8-3315DA453680}.WPFExtension|x86.Build.0 = Release|x86
		{E6F8EC2F-A2A5-4811-93B8-3315DA453680}.WPFMinimum|Any CPU.ActiveCfg = Release|Any CPU
		{E6F8EC2F-A2A5-4811-93B8-3315DA453680}.WPFMinimum|Any CPU.Build.0 = Release|Any CPU
		{E6F8EC2F-A2A5-4811-93B8-3315DA453680}.WPFMinimum|x86.ActiveCfg = Release|x86
		{E6F8EC2F-A2A5-4811-93B8-3315DA453680}.WPFMinimum|x86.Build.0 = Release|x86
		{E6F8EC2F-A2A5-4811-93B8-3315DA453680}.WPFRelease|Any CPU.ActiveCfg = Release|Any CPU
		{E6F8EC2F-A2A5-4811-93B8-3315DA453680}.WPFRelease|Any CPU.Build.0 = Release|Any CPU
		{E6F8EC2F-A2A5-4811-93B8-3315DA453680}.WPFRelease|x86.ActiveCfg = Release|x86
		{E6F8EC2F-A2A5-4811-93B8-3315DA453680}.WPFRelease|x86.Build.0 = Release|x86
		{8B62357A-ABBC-4DB0-8633-F1D6A6C1EA53}.Debug|Any CPU.ActiveCfg = Debug|Any CPU
		{8B62357A-ABBC-4DB0-8633-F1D6A6C1EA53}.Debug|Any CPU.Build.0 = Debug|Any CPU
		{8B62357A-ABBC-4DB0-8633-F1D6A6C1EA53}.Debug|x86.ActiveCfg = Debug|Any CPU
		{8B62357A-ABBC-4DB0-8633-F1D6A6C1EA53}.Debug|x86.Build.0 = Debug|Any CPU
		{8B62357A-ABBC-4DB0-8633-F1D6A6C1EA53}.DebugAndroid|Any CPU.ActiveCfg = DebugAndroid|Any CPU
		{8B62357A-ABBC-4DB0-8633-F1D6A6C1EA53}.DebugAndroid|Any CPU.Build.0 = DebugAndroid|Any CPU
		{8B62357A-ABBC-4DB0-8633-F1D6A6C1EA53}.DebugAndroid|x86.ActiveCfg = DebugAndroid|Any CPU
		{8B62357A-ABBC-4DB0-8633-F1D6A6C1EA53}.DebugAndroid|x86.Build.0 = DebugAndroid|Any CPU
		{8B62357A-ABBC-4DB0-8633-F1D6A6C1EA53}.DebugiOS|Any CPU.ActiveCfg = DebugiOS|Any CPU
		{8B62357A-ABBC-4DB0-8633-F1D6A6C1EA53}.DebugiOS|Any CPU.Build.0 = DebugiOS|Any CPU
		{8B62357A-ABBC-4DB0-8633-F1D6A6C1EA53}.DebugiOS|x86.ActiveCfg = DebugiOS|Any CPU
		{8B62357A-ABBC-4DB0-8633-F1D6A6C1EA53}.DebugiOS|x86.Build.0 = DebugiOS|Any CPU
		{8B62357A-ABBC-4DB0-8633-F1D6A6C1EA53}.Extension|Any CPU.ActiveCfg = Extension|Any CPU
		{8B62357A-ABBC-4DB0-8633-F1D6A6C1EA53}.Extension|Any CPU.Build.0 = Extension|Any CPU
		{8B62357A-ABBC-4DB0-8633-F1D6A6C1EA53}.Extension|x86.ActiveCfg = Extension|Any CPU
		{8B62357A-ABBC-4DB0-8633-F1D6A6C1EA53}.Extension|x86.Build.0 = Extension|Any CPU
		{8B62357A-ABBC-4DB0-8633-F1D6A6C1EA53}.Minimum|Any CPU.ActiveCfg = Minimum|Any CPU
		{8B62357A-ABBC-4DB0-8633-F1D6A6C1EA53}.Minimum|Any CPU.Build.0 = Minimum|Any CPU
		{8B62357A-ABBC-4DB0-8633-F1D6A6C1EA53}.Minimum|x86.ActiveCfg = Minimum|Any CPU
		{8B62357A-ABBC-4DB0-8633-F1D6A6C1EA53}.Minimum|x86.Build.0 = Minimum|Any CPU
		{8B62357A-ABBC-4DB0-8633-F1D6A6C1EA53}.Pack|Any CPU.ActiveCfg = Debug|Any CPU
		{8B62357A-ABBC-4DB0-8633-F1D6A6C1EA53}.Pack|Any CPU.Build.0 = Debug|Any CPU
		{8B62357A-ABBC-4DB0-8633-F1D6A6C1EA53}.Pack|x86.ActiveCfg = Debug|Any CPU
		{8B62357A-ABBC-4DB0-8633-F1D6A6C1EA53}.Pack|x86.Build.0 = Debug|Any CPU
		{8B62357A-ABBC-4DB0-8633-F1D6A6C1EA53}.Release|Any CPU.ActiveCfg = Release|Any CPU
		{8B62357A-ABBC-4DB0-8633-F1D6A6C1EA53}.Release|Any CPU.Build.0 = Release|Any CPU
		{8B62357A-ABBC-4DB0-8633-F1D6A6C1EA53}.Release|x86.ActiveCfg = Release|Any CPU
		{8B62357A-ABBC-4DB0-8633-F1D6A6C1EA53}.Release|x86.Build.0 = Release|Any CPU
		{8B62357A-ABBC-4DB0-8633-F1D6A6C1EA53}.WPFDebug|Any CPU.ActiveCfg = WPFDebug|Any CPU
		{8B62357A-ABBC-4DB0-8633-F1D6A6C1EA53}.WPFDebug|Any CPU.Build.0 = WPFDebug|Any CPU
		{8B62357A-ABBC-4DB0-8633-F1D6A6C1EA53}.WPFDebug|x86.ActiveCfg = WPFDebug|Any CPU
		{8B62357A-ABBC-4DB0-8633-F1D6A6C1EA53}.WPFDebug|x86.Build.0 = WPFDebug|Any CPU
		{8B62357A-ABBC-4DB0-8633-F1D6A6C1EA53}.WPFExtension|Any CPU.ActiveCfg = WPFExtension|Any CPU
		{8B62357A-ABBC-4DB0-8633-F1D6A6C1EA53}.WPFExtension|Any CPU.Build.0 = WPFExtension|Any CPU
		{8B62357A-ABBC-4DB0-8633-F1D6A6C1EA53}.WPFExtension|x86.ActiveCfg = WPFExtension|Any CPU
		{8B62357A-ABBC-4DB0-8633-F1D6A6C1EA53}.WPFExtension|x86.Build.0 = WPFExtension|Any CPU
		{8B62357A-ABBC-4DB0-8633-F1D6A6C1EA53}.WPFMinimum|Any CPU.ActiveCfg = WPFMinimum|Any CPU
		{8B62357A-ABBC-4DB0-8633-F1D6A6C1EA53}.WPFMinimum|Any CPU.Build.0 = WPFMinimum|Any CPU
		{8B62357A-ABBC-4DB0-8633-F1D6A6C1EA53}.WPFMinimum|x86.ActiveCfg = WPFMinimum|Any CPU
		{8B62357A-ABBC-4DB0-8633-F1D6A6C1EA53}.WPFMinimum|x86.Build.0 = WPFMinimum|Any CPU
		{8B62357A-ABBC-4DB0-8633-F1D6A6C1EA53}.WPFRelease|Any CPU.ActiveCfg = WPFRelease|Any CPU
		{8B62357A-ABBC-4DB0-8633-F1D6A6C1EA53}.WPFRelease|Any CPU.Build.0 = WPFRelease|Any CPU
		{8B62357A-ABBC-4DB0-8633-F1D6A6C1EA53}.WPFRelease|x86.ActiveCfg = WPFRelease|Any CPU
		{8B62357A-ABBC-4DB0-8633-F1D6A6C1EA53}.WPFRelease|x86.Build.0 = WPFRelease|Any CPU
	EndGlobalSection
	GlobalSection(SolutionProperties) = preSolution
		HideSolutionNode = FALSE
	EndGlobalSection
	GlobalSection(ExtensibilityGlobals) = postSolution
		SolutionGuid = {47A34F6B-86D5-4A46-A367-DD5C1065735B}
	EndGlobalSection
EndGlobal
